// !$*UTF8*$!
{
	archiveVersion = 1;
	classes = {
	};
	objectVersion = 55;
	objects = {

/* Begin PBXBuildFile section */
		505CB7C5BE9316A805D35656 /* Pods_RSS_Reader.framework in Frameworks */ = {isa = PBXBuildFile; fileRef = 92DE2CA2600069C925C3A56A /* Pods_RSS_Reader.framework */; };
		7426AAB22772726000013737 /* NewsRepository.swift in Sources */ = {isa = PBXBuildFile; fileRef = 7426AAB12772726000013737 /* NewsRepository.swift */; };
		7426AAB42772732100013737 /* Observable+Extension.swift in Sources */ = {isa = PBXBuildFile; fileRef = 7426AAB32772732100013737 /* Observable+Extension.swift */; };
		7426AAB62772758F00013737 /* NewsError.swift in Sources */ = {isa = PBXBuildFile; fileRef = 7426AAB52772758F00013737 /* NewsError.swift */; };
		7426AAB8277277B500013737 /* HomeOutput.swift in Sources */ = {isa = PBXBuildFile; fileRef = 7426AAB7277277B500013737 /* HomeOutput.swift */; };
		7426AABA277277E500013737 /* HomeBaseItem.swift in Sources */ = {isa = PBXBuildFile; fileRef = 7426AAB9277277E500013737 /* HomeBaseItem.swift */; };
		7426AABC2772783A00013737 /* HomeInput.swift in Sources */ = {isa = PBXBuildFile; fileRef = 7426AABB2772783A00013737 /* HomeInput.swift */; };
		7426AABE2772786700013737 /* HomeItem.swift in Sources */ = {isa = PBXBuildFile; fileRef = 7426AABD2772786700013737 /* HomeItem.swift */; };
		7426AAC027727A8600013737 /* LoaderProtocol.swift in Sources */ = {isa = PBXBuildFile; fileRef = 7426AABF27727A8600013737 /* LoaderProtocol.swift */; };
		7426AAC327727B6400013737 /* HomeCell.swift in Sources */ = {isa = PBXBuildFile; fileRef = 7426AAC227727B6400013737 /* HomeCell.swift */; };
		7426AACA27727F0F00013737 /* NewsListOutput.swift in Sources */ = {isa = PBXBuildFile; fileRef = 7426AAC927727F0F00013737 /* NewsListOutput.swift */; };
		7426AACC27727F1F00013737 /* NewsListBaseItem.swift in Sources */ = {isa = PBXBuildFile; fileRef = 7426AACB27727F1F00013737 /* NewsListBaseItem.swift */; };
		7426AACE27727F2800013737 /* NewsListInput.swift in Sources */ = {isa = PBXBuildFile; fileRef = 7426AACD27727F2800013737 /* NewsListInput.swift */; };
		7426AAD027727F3100013737 /* NewsListItem.swift in Sources */ = {isa = PBXBuildFile; fileRef = 7426AACF27727F3100013737 /* NewsListItem.swift */; };
		7426AAD227727F3D00013737 /* NewsListCoordinator.swift in Sources */ = {isa = PBXBuildFile; fileRef = 7426AAD127727F3D00013737 /* NewsListCoordinator.swift */; };
		7426AAD427727F4600013737 /* NewsListViewModel.swift in Sources */ = {isa = PBXBuildFile; fileRef = 7426AAD327727F4600013737 /* NewsListViewModel.swift */; };
		7426AAD627727F5400013737 /* NewsListViewController.swift in Sources */ = {isa = PBXBuildFile; fileRef = 7426AAD527727F5400013737 /* NewsListViewController.swift */; };
		749E3F432770D52400349111 /* AppDelegate.swift in Sources */ = {isa = PBXBuildFile; fileRef = 749E3F422770D52400349111 /* AppDelegate.swift */; };
		749E3F4C2770D52400349111 /* Assets.xcassets in Resources */ = {isa = PBXBuildFile; fileRef = 749E3F4B2770D52400349111 /* Assets.xcassets */; };
		749E3F4F2770D52400349111 /* LaunchScreen.storyboard in Resources */ = {isa = PBXBuildFile; fileRef = 749E3F4D2770D52400349111 /* LaunchScreen.storyboard */; };
		749E3F582770DA9900349111 /* R.generated.swift in Sources */ = {isa = PBXBuildFile; fileRef = 749E3F572770DA9900349111 /* R.generated.swift */; };
		749E3F5C2770DB8500349111 /* Coordinator.swift in Sources */ = {isa = PBXBuildFile; fileRef = 749E3F5B2770DB8500349111 /* Coordinator.swift */; };
		749E3F5E2770DB9E00349111 /* AppCoordinator.swift in Sources */ = {isa = PBXBuildFile; fileRef = 749E3F5D2770DB9E00349111 /* AppCoordinator.swift */; };
		749E3F612770DBD900349111 /* CoordinatorDelegate.swift in Sources */ = {isa = PBXBuildFile; fileRef = 749E3F602770DBD900349111 /* CoordinatorDelegate.swift */; };
		749E3F632770DBF500349111 /* ParentCoordinatorDelegate.swift in Sources */ = {isa = PBXBuildFile; fileRef = 749E3F622770DBF500349111 /* ParentCoordinatorDelegate.swift */; };
		749E3F662770DC4200349111 /* UIView+Extension.swift in Sources */ = {isa = PBXBuildFile; fileRef = 749E3F652770DC4200349111 /* UIView+Extension.swift */; };
		749E3F682770DC6000349111 /* UITableView+Extension.swift in Sources */ = {isa = PBXBuildFile; fileRef = 749E3F672770DC6000349111 /* UITableView+Extension.swift */; };
		749E3F6A2770DCA000349111 /* UIViewController+Extension.swift in Sources */ = {isa = PBXBuildFile; fileRef = 749E3F692770DCA000349111 /* UIViewController+Extension.swift */; };
		749E3F6F2770DD1800349111 /* Localizable.strings in Resources */ = {isa = PBXBuildFile; fileRef = 749E3F712770DD1800349111 /* Localizable.strings */; };
		749E3F782770DD7400349111 /* HomeCoordinator.swift in Sources */ = {isa = PBXBuildFile; fileRef = 749E3F772770DD7400349111 /* HomeCoordinator.swift */; };
		749E3F7A2770DD7E00349111 /* HomeViewModel.swift in Sources */ = {isa = PBXBuildFile; fileRef = 749E3F792770DD7E00349111 /* HomeViewModel.swift */; };
		749E3F7C2770DD8A00349111 /* HomeController.swift in Sources */ = {isa = PBXBuildFile; fileRef = 749E3F7B2770DD8A00349111 /* HomeController.swift */; };
		749E3F802770E24B00349111 /* RESTManager.swift in Sources */ = {isa = PBXBuildFile; fileRef = 749E3F7F2770E24B00349111 /* RESTManager.swift */; };
		749E41A52770E94D00349111 /* SerilizationManager.swift in Sources */ = {isa = PBXBuildFile; fileRef = 749E41A42770E94D00349111 /* SerilizationManager.swift */; };
		749E41A82770ED3100349111 /* News.swift in Sources */ = {isa = PBXBuildFile; fileRef = 749E41A72770ED3100349111 /* News.swift */; };
/* End PBXBuildFile section */

/* Begin PBXFileReference section */
		48BAD47FDBDDB15363049F5E /* Pods-RSS Reader.debug.xcconfig */ = {isa = PBXFileReference; includeInIndex = 1; lastKnownFileType = text.xcconfig; name = "Pods-RSS Reader.debug.xcconfig"; path = "Target Support Files/Pods-RSS Reader/Pods-RSS Reader.debug.xcconfig"; sourceTree = "<group>"; };
		7426AAB12772726000013737 /* NewsRepository.swift */ = {isa = PBXFileReference; lastKnownFileType = sourcecode.swift; path = NewsRepository.swift; sourceTree = "<group>"; };
		7426AAB32772732100013737 /* Observable+Extension.swift */ = {isa = PBXFileReference; lastKnownFileType = sourcecode.swift; path = "Observable+Extension.swift"; sourceTree = "<group>"; };
		7426AAB52772758F00013737 /* NewsError.swift */ = {isa = PBXFileReference; lastKnownFileType = sourcecode.swift; path = NewsError.swift; sourceTree = "<group>"; };
		7426AAB7277277B500013737 /* HomeOutput.swift */ = {isa = PBXFileReference; lastKnownFileType = sourcecode.swift; path = HomeOutput.swift; sourceTree = "<group>"; };
		7426AAB9277277E500013737 /* HomeBaseItem.swift */ = {isa = PBXFileReference; lastKnownFileType = sourcecode.swift; path = HomeBaseItem.swift; sourceTree = "<group>"; };
		7426AABB2772783A00013737 /* HomeInput.swift */ = {isa = PBXFileReference; lastKnownFileType = sourcecode.swift; path = HomeInput.swift; sourceTree = "<group>"; };
		7426AABD2772786700013737 /* HomeItem.swift */ = {isa = PBXFileReference; lastKnownFileType = sourcecode.swift; path = HomeItem.swift; sourceTree = "<group>"; };
		7426AABF27727A8600013737 /* LoaderProtocol.swift */ = {isa = PBXFileReference; lastKnownFileType = sourcecode.swift; path = LoaderProtocol.swift; sourceTree = "<group>"; };
		7426AAC227727B6400013737 /* HomeCell.swift */ = {isa = PBXFileReference; lastKnownFileType = sourcecode.swift; path = HomeCell.swift; sourceTree = "<group>"; };
		7426AAC927727F0F00013737 /* NewsListOutput.swift */ = {isa = PBXFileReference; lastKnownFileType = sourcecode.swift; path = NewsListOutput.swift; sourceTree = "<group>"; };
		7426AACB27727F1F00013737 /* NewsListBaseItem.swift */ = {isa = PBXFileReference; lastKnownFileType = sourcecode.swift; path = NewsListBaseItem.swift; sourceTree = "<group>"; };
		7426AACD27727F2800013737 /* NewsListInput.swift */ = {isa = PBXFileReference; lastKnownFileType = sourcecode.swift; path = NewsListInput.swift; sourceTree = "<group>"; };
		7426AACF27727F3100013737 /* NewsListItem.swift */ = {isa = PBXFileReference; lastKnownFileType = sourcecode.swift; path = NewsListItem.swift; sourceTree = "<group>"; };
		7426AAD127727F3D00013737 /* NewsListCoordinator.swift */ = {isa = PBXFileReference; lastKnownFileType = sourcecode.swift; path = NewsListCoordinator.swift; sourceTree = "<group>"; };
		7426AAD327727F4600013737 /* NewsListViewModel.swift */ = {isa = PBXFileReference; lastKnownFileType = sourcecode.swift; path = NewsListViewModel.swift; sourceTree = "<group>"; };
		7426AAD527727F5400013737 /* NewsListViewController.swift */ = {isa = PBXFileReference; lastKnownFileType = sourcecode.swift; path = NewsListViewController.swift; sourceTree = "<group>"; };
		749E3F3F2770D52400349111 /* RSS Reader.app */ = {isa = PBXFileReference; explicitFileType = wrapper.application; includeInIndex = 0; path = "RSS Reader.app"; sourceTree = BUILT_PRODUCTS_DIR; };
		749E3F422770D52400349111 /* AppDelegate.swift */ = {isa = PBXFileReference; lastKnownFileType = sourcecode.swift; path = AppDelegate.swift; sourceTree = "<group>"; };
		749E3F4B2770D52400349111 /* Assets.xcassets */ = {isa = PBXFileReference; lastKnownFileType = folder.assetcatalog; path = Assets.xcassets; sourceTree = "<group>"; };
		749E3F4E2770D52400349111 /* Base */ = {isa = PBXFileReference; lastKnownFileType = file.storyboard; name = Base; path = Base.lproj/LaunchScreen.storyboard; sourceTree = "<group>"; };
		749E3F502770D52400349111 /* Info.plist */ = {isa = PBXFileReference; lastKnownFileType = text.plist.xml; path = Info.plist; sourceTree = "<group>"; };
		749E3F572770DA9900349111 /* R.generated.swift */ = {isa = PBXFileReference; fileEncoding = 4; lastKnownFileType = sourcecode.swift; path = R.generated.swift; sourceTree = SOURCE_ROOT; };
		749E3F5B2770DB8500349111 /* Coordinator.swift */ = {isa = PBXFileReference; lastKnownFileType = sourcecode.swift; path = Coordinator.swift; sourceTree = "<group>"; };
		749E3F5D2770DB9E00349111 /* AppCoordinator.swift */ = {isa = PBXFileReference; lastKnownFileType = sourcecode.swift; path = AppCoordinator.swift; sourceTree = "<group>"; };
		749E3F602770DBD900349111 /* CoordinatorDelegate.swift */ = {isa = PBXFileReference; lastKnownFileType = sourcecode.swift; path = CoordinatorDelegate.swift; sourceTree = "<group>"; };
		749E3F622770DBF500349111 /* ParentCoordinatorDelegate.swift */ = {isa = PBXFileReference; lastKnownFileType = sourcecode.swift; path = ParentCoordinatorDelegate.swift; sourceTree = "<group>"; };
		749E3F652770DC4200349111 /* UIView+Extension.swift */ = {isa = PBXFileReference; lastKnownFileType = sourcecode.swift; path = "UIView+Extension.swift"; sourceTree = "<group>"; };
		749E3F672770DC6000349111 /* UITableView+Extension.swift */ = {isa = PBXFileReference; lastKnownFileType = sourcecode.swift; path = "UITableView+Extension.swift"; sourceTree = "<group>"; };
		749E3F692770DCA000349111 /* UIViewController+Extension.swift */ = {isa = PBXFileReference; lastKnownFileType = sourcecode.swift; path = "UIViewController+Extension.swift"; sourceTree = "<group>"; };
		749E3F702770DD1800349111 /* en */ = {isa = PBXFileReference; lastKnownFileType = text.plist.strings; name = en; path = en.lproj/Localizable.strings; sourceTree = "<group>"; };
		749E3F772770DD7400349111 /* HomeCoordinator.swift */ = {isa = PBXFileReference; lastKnownFileType = sourcecode.swift; path = HomeCoordinator.swift; sourceTree = "<group>"; };
		749E3F792770DD7E00349111 /* HomeViewModel.swift */ = {isa = PBXFileReference; lastKnownFileType = sourcecode.swift; path = HomeViewModel.swift; sourceTree = "<group>"; };
		749E3F7B2770DD8A00349111 /* HomeController.swift */ = {isa = PBXFileReference; lastKnownFileType = sourcecode.swift; path = HomeController.swift; sourceTree = "<group>"; };
		749E3F7F2770E24B00349111 /* RESTManager.swift */ = {isa = PBXFileReference; lastKnownFileType = sourcecode.swift; path = RESTManager.swift; sourceTree = "<group>"; };
		749E41A42770E94D00349111 /* SerilizationManager.swift */ = {isa = PBXFileReference; lastKnownFileType = sourcecode.swift; path = SerilizationManager.swift; sourceTree = "<group>"; };
		749E41A72770ED3100349111 /* News.swift */ = {isa = PBXFileReference; lastKnownFileType = sourcecode.swift; path = News.swift; sourceTree = "<group>"; };
		92DE2CA2600069C925C3A56A /* Pods_RSS_Reader.framework */ = {isa = PBXFileReference; explicitFileType = wrapper.framework; includeInIndex = 0; path = Pods_RSS_Reader.framework; sourceTree = BUILT_PRODUCTS_DIR; };
		D6D374E9C752A20925B76514 /* Pods-RSS Reader.release.xcconfig */ = {isa = PBXFileReference; includeInIndex = 1; lastKnownFileType = text.xcconfig; name = "Pods-RSS Reader.release.xcconfig"; path = "Target Support Files/Pods-RSS Reader/Pods-RSS Reader.release.xcconfig"; sourceTree = "<group>"; };
/* End PBXFileReference section */

/* Begin PBXFrameworksBuildPhase section */
		749E3F3C2770D52400349111 /* Frameworks */ = {
			isa = PBXFrameworksBuildPhase;
			buildActionMask = 2147483647;
			files = (
				505CB7C5BE9316A805D35656 /* Pods_RSS_Reader.framework in Frameworks */,
			);
			runOnlyForDeploymentPostprocessing = 0;
		};
/* End PBXFrameworksBuildPhase section */

/* Begin PBXGroup section */
		4036934AE5847BE82EB5697F /* Pods */ = {
			isa = PBXGroup;
			children = (
				48BAD47FDBDDB15363049F5E /* Pods-RSS Reader.debug.xcconfig */,
				D6D374E9C752A20925B76514 /* Pods-RSS Reader.release.xcconfig */,
			);
			path = Pods;
			sourceTree = "<group>";
		};
		7426AAC127727B5800013737 /* Cell */ = {
			isa = PBXGroup;
			children = (
				7426AAC227727B6400013737 /* HomeCell.swift */,
			);
			path = Cell;
			sourceTree = "<group>";
		};
		7426AAC427727EC000013737 /* NewsList */ = {
			isa = PBXGroup;
			children = (
				7426AAC827727ED900013737 /* Model */,
				7426AAC727727ED700013737 /* Coordinator */,
				7426AAC627727ED500013737 /* ViewModel */,
				7426AAC527727ED300013737 /* UI */,
			);
			path = NewsList;
			sourceTree = "<group>";
		};
		7426AAC527727ED300013737 /* UI */ = {
			isa = PBXGroup;
			children = (
				7426AAD527727F5400013737 /* NewsListViewController.swift */,
			);
			path = UI;
			sourceTree = "<group>";
		};
		7426AAC627727ED500013737 /* ViewModel */ = {
			isa = PBXGroup;
			children = (
				7426AAD327727F4600013737 /* NewsListViewModel.swift */,
			);
			path = ViewModel;
			sourceTree = "<group>";
		};
		7426AAC727727ED700013737 /* Coordinator */ = {
			isa = PBXGroup;
			children = (
				7426AAD127727F3D00013737 /* NewsListCoordinator.swift */,
			);
			path = Coordinator;
			sourceTree = "<group>";
		};
		7426AAC827727ED900013737 /* Model */ = {
			isa = PBXGroup;
			children = (
				7426AAC927727F0F00013737 /* NewsListOutput.swift */,
				7426AACB27727F1F00013737 /* NewsListBaseItem.swift */,
				7426AACD27727F2800013737 /* NewsListInput.swift */,
				7426AACF27727F3100013737 /* NewsListItem.swift */,
			);
			path = Model;
			sourceTree = "<group>";
		};
		749E3F362770D52400349111 = {
			isa = PBXGroup;
			children = (
				749E3F412770D52400349111 /* RSS Reader */,
				749E3F402770D52400349111 /* Products */,
				4036934AE5847BE82EB5697F /* Pods */,
				E7746DD060FABD60B44F5B08 /* Frameworks */,
			);
			sourceTree = "<group>";
		};
		749E3F402770D52400349111 /* Products */ = {
			isa = PBXGroup;
			children = (
				749E3F3F2770D52400349111 /* RSS Reader.app */,
			);
			name = Products;
			sourceTree = "<group>";
		};
		749E3F412770D52400349111 /* RSS Reader */ = {
			isa = PBXGroup;
			children = (
				749E41A9277271F400349111 /* Repositories */,
				749E41A62770ED1700349111 /* Models */,
				749E41A32770E92A00349111 /* Utils */,
				749E3F642770DC2A00349111 /* Extensions */,
				749E3F5F2770DBC100349111 /* Delegates */,
				749E3F5A2770DB6300349111 /* Coordinator */,
				749E3F592770DB5700349111 /* Supporting Files */,
				749E3F6C2770DCED00349111 /* Assets */,
				749E3F7E2770E23200349111 /* Networking */,
				749E3F732770DD3500349111 /* Home */,
				7426AAC427727EC000013737 /* NewsList */,
				749E3F4D2770D52400349111 /* LaunchScreen.storyboard */,
				749E3F502770D52400349111 /* Info.plist */,
				749E3F572770DA9900349111 /* R.generated.swift */,
			);
			path = "RSS Reader";
			sourceTree = "<group>";
		};
		749E3F592770DB5700349111 /* Supporting Files */ = {
			isa = PBXGroup;
			children = (
				749E3F422770D52400349111 /* AppDelegate.swift */,
			);
			path = "Supporting Files";
			sourceTree = "<group>";
		};
		749E3F5A2770DB6300349111 /* Coordinator */ = {
			isa = PBXGroup;
			children = (
				749E3F5B2770DB8500349111 /* Coordinator.swift */,
				749E3F5D2770DB9E00349111 /* AppCoordinator.swift */,
			);
			path = Coordinator;
			sourceTree = "<group>";
		};
		749E3F5F2770DBC100349111 /* Delegates */ = {
			isa = PBXGroup;
			children = (
				749E3F602770DBD900349111 /* CoordinatorDelegate.swift */,
				749E3F622770DBF500349111 /* ParentCoordinatorDelegate.swift */,
			);
			path = Delegates;
			sourceTree = "<group>";
		};
		749E3F642770DC2A00349111 /* Extensions */ = {
			isa = PBXGroup;
			children = (
				749E3F652770DC4200349111 /* UIView+Extension.swift */,
				749E3F672770DC6000349111 /* UITableView+Extension.swift */,
				749E3F692770DCA000349111 /* UIViewController+Extension.swift */,
				7426AAB32772732100013737 /* Observable+Extension.swift */,
			);
			path = Extensions;
			sourceTree = "<group>";
		};
		749E3F6C2770DCED00349111 /* Assets */ = {
			isa = PBXGroup;
			children = (
				749E3F4B2770D52400349111 /* Assets.xcassets */,
				749E3F712770DD1800349111 /* Localizable.strings */,
			);
			path = Assets;
			sourceTree = "<group>";
		};
		749E3F732770DD3500349111 /* Home */ = {
			isa = PBXGroup;
			children = (
				749E3F7D2770DDC400349111 /* Model */,
				749E3F762770DD5200349111 /* Coordinator */,
				749E3F752770DD5000349111 /* ViewModel */,
				749E3F742770DD4E00349111 /* UI */,
			);
			path = Home;
			sourceTree = "<group>";
		};
		749E3F742770DD4E00349111 /* UI */ = {
			isa = PBXGroup;
			children = (
				7426AAC127727B5800013737 /* Cell */,
				749E3F7B2770DD8A00349111 /* HomeController.swift */,
			);
			path = UI;
			sourceTree = "<group>";
		};
		749E3F752770DD5000349111 /* ViewModel */ = {
			isa = PBXGroup;
			children = (
				749E3F792770DD7E00349111 /* HomeViewModel.swift */,
			);
			path = ViewModel;
			sourceTree = "<group>";
		};
		749E3F762770DD5200349111 /* Coordinator */ = {
			isa = PBXGroup;
			children = (
				749E3F772770DD7400349111 /* HomeCoordinator.swift */,
			);
			path = Coordinator;
			sourceTree = "<group>";
		};
		749E3F7D2770DDC400349111 /* Model */ = {
			isa = PBXGroup;
			children = (
				7426AAB7277277B500013737 /* HomeOutput.swift */,
				7426AAB9277277E500013737 /* HomeBaseItem.swift */,
				7426AABB2772783A00013737 /* HomeInput.swift */,
				7426AABD2772786700013737 /* HomeItem.swift */,
			);
			path = Model;
			sourceTree = "<group>";
		};
		749E3F7E2770E23200349111 /* Networking */ = {
			isa = PBXGroup;
			children = (
				749E3F7F2770E24B00349111 /* RESTManager.swift */,
			);
			path = Networking;
			sourceTree = "<group>";
		};
		749E41A32770E92A00349111 /* Utils */ = {
			isa = PBXGroup;
			children = (
				749E41A42770E94D00349111 /* SerilizationManager.swift */,
				7426AAB52772758F00013737 /* NewsError.swift */,
			);
			path = Utils;
			sourceTree = "<group>";
		};
		749E41A62770ED1700349111 /* Models */ = {
			isa = PBXGroup;
			children = (
				749E41A72770ED3100349111 /* News.swift */,
				7426AABF27727A8600013737 /* LoaderProtocol.swift */,
			);
			path = Models;
			sourceTree = "<group>";
		};
		749E41A9277271F400349111 /* Repositories */ = {
			isa = PBXGroup;
			children = (
				7426AAB12772726000013737 /* NewsRepository.swift */,
			);
			path = Repositories;
			sourceTree = "<group>";
		};
		E7746DD060FABD60B44F5B08 /* Frameworks */ = {
			isa = PBXGroup;
			children = (
				92DE2CA2600069C925C3A56A /* Pods_RSS_Reader.framework */,
			);
			name = Frameworks;
			sourceTree = "<group>";
		};
/* End PBXGroup section */

/* Begin PBXNativeTarget section */
		749E3F3E2770D52400349111 /* RSS Reader */ = {
			isa = PBXNativeTarget;
			buildConfigurationList = 749E3F532770D52400349111 /* Build configuration list for PBXNativeTarget "RSS Reader" */;
			buildPhases = (
				D4898B4233C8A144B60B5C54 /* [CP] Check Pods Manifest.lock */,
				749E3F562770DA5900349111 /* R-Swift */,
				749E3F3B2770D52400349111 /* Sources */,
				749E3F3C2770D52400349111 /* Frameworks */,
				749E3F3D2770D52400349111 /* Resources */,
				AAECDBC0D9B5119DC11C399B /* [CP] Embed Pods Frameworks */,
			);
			buildRules = (
			);
			dependencies = (
			);
			name = "RSS Reader";
			productName = "RSS Reader";
			productReference = 749E3F3F2770D52400349111 /* RSS Reader.app */;
			productType = "com.apple.product-type.application";
		};
/* End PBXNativeTarget section */

/* Begin PBXProject section */
		749E3F372770D52400349111 /* Project object */ = {
			isa = PBXProject;
			attributes = {
				BuildIndependentTargetsInParallel = 1;
				LastSwiftUpdateCheck = 1320;
				LastUpgradeCheck = 1320;
				TargetAttributes = {
					749E3F3E2770D52400349111 = {
						CreatedOnToolsVersion = 13.2;
					};
				};
			};
			buildConfigurationList = 749E3F3A2770D52400349111 /* Build configuration list for PBXProject "RSS Reader" */;
			compatibilityVersion = "Xcode 13.0";
			developmentRegion = en;
			hasScannedForEncodings = 0;
			knownRegions = (
				en,
				Base,
			);
			mainGroup = 749E3F362770D52400349111;
			productRefGroup = 749E3F402770D52400349111 /* Products */;
			projectDirPath = "";
			projectRoot = "";
			targets = (
				749E3F3E2770D52400349111 /* RSS Reader */,
			);
		};
/* End PBXProject section */

/* Begin PBXResourcesBuildPhase section */
		749E3F3D2770D52400349111 /* Resources */ = {
			isa = PBXResourcesBuildPhase;
			buildActionMask = 2147483647;
			files = (
				749E3F4F2770D52400349111 /* LaunchScreen.storyboard in Resources */,
				749E3F6F2770DD1800349111 /* Localizable.strings in Resources */,
				749E3F4C2770D52400349111 /* Assets.xcassets in Resources */,
			);
			runOnlyForDeploymentPostprocessing = 0;
		};
/* End PBXResourcesBuildPhase section */

/* Begin PBXShellScriptBuildPhase section */
		749E3F562770DA5900349111 /* R-Swift */ = {
			isa = PBXShellScriptBuildPhase;
			buildActionMask = 2147483647;
			files = (
			);
			inputFileListPaths = (
			);
			inputPaths = (
				"$TEMP_DIR/rswift-lastrun",
			);
			name = "R-Swift";
			outputFileListPaths = (
			);
			outputPaths = (
				$SRCROOT/R.generated.swift,
			);
			runOnlyForDeploymentPostprocessing = 0;
			shellPath = /bin/sh;
			shellScript = "# Type a script or drag a script file from your workspace to insert its path.\n\"$PODS_ROOT/R.swift/rswift\" generate \"$SRCROOT/R.generated.swift\"\n";
		};
		AAECDBC0D9B5119DC11C399B /* [CP] Embed Pods Frameworks */ = {
			isa = PBXShellScriptBuildPhase;
			buildActionMask = 2147483647;
			files = (
			);
			inputFileListPaths = (
				"${PODS_ROOT}/Target Support Files/Pods-RSS Reader/Pods-RSS Reader-frameworks-${CONFIGURATION}-input-files.xcfilelist",
			);
			name = "[CP] Embed Pods Frameworks";
			outputFileListPaths = (
				"${PODS_ROOT}/Target Support Files/Pods-RSS Reader/Pods-RSS Reader-frameworks-${CONFIGURATION}-output-files.xcfilelist",
			);
			runOnlyForDeploymentPostprocessing = 0;
			shellPath = /bin/sh;
			shellScript = "\"${PODS_ROOT}/Target Support Files/Pods-RSS Reader/Pods-RSS Reader-frameworks.sh\"\n";
			showEnvVarsInLog = 0;
		};
		D4898B4233C8A144B60B5C54 /* [CP] Check Pods Manifest.lock */ = {
			isa = PBXShellScriptBuildPhase;
			buildActionMask = 2147483647;
			files = (
			);
			inputFileListPaths = (
			);
			inputPaths = (
				"${PODS_PODFILE_DIR_PATH}/Podfile.lock",
				"${PODS_ROOT}/Manifest.lock",
			);
			name = "[CP] Check Pods Manifest.lock";
			outputFileListPaths = (
			);
			outputPaths = (
				"$(DERIVED_FILE_DIR)/Pods-RSS Reader-checkManifestLockResult.txt",
			);
			runOnlyForDeploymentPostprocessing = 0;
			shellPath = /bin/sh;
			shellScript = "diff \"${PODS_PODFILE_DIR_PATH}/Podfile.lock\" \"${PODS_ROOT}/Manifest.lock\" > /dev/null\nif [ $? != 0 ] ; then\n    # print error to STDERR\n    echo \"error: The sandbox is not in sync with the Podfile.lock. Run 'pod install' or update your CocoaPods installation.\" >&2\n    exit 1\nfi\n# This output is used by Xcode 'outputs' to avoid re-running this script phase.\necho \"SUCCESS\" > \"${SCRIPT_OUTPUT_FILE_0}\"\n";
			showEnvVarsInLog = 0;
		};
/* End PBXShellScriptBuildPhase section */

/* Begin PBXSourcesBuildPhase section */
		749E3F3B2770D52400349111 /* Sources */ = {
			isa = PBXSourcesBuildPhase;
			buildActionMask = 2147483647;
			files = (
				7426AAC027727A8600013737 /* LoaderProtocol.swift in Sources */,
				749E3F6A2770DCA000349111 /* UIViewController+Extension.swift in Sources */,
				7426AABE2772786700013737 /* HomeItem.swift in Sources */,
				7426AAB62772758F00013737 /* NewsError.swift in Sources */,
				7426AAD627727F5400013737 /* NewsListViewController.swift in Sources */,
				749E3F7A2770DD7E00349111 /* HomeViewModel.swift in Sources */,
				749E3F5E2770DB9E00349111 /* AppCoordinator.swift in Sources */,
				749E3F662770DC4200349111 /* UIView+Extension.swift in Sources */,
				749E3F632770DBF500349111 /* ParentCoordinatorDelegate.swift in Sources */,
				749E3F432770D52400349111 /* AppDelegate.swift in Sources */,
				749E41A52770E94D00349111 /* SerilizationManager.swift in Sources */,
				7426AAC327727B6400013737 /* HomeCell.swift in Sources */,
				7426AABC2772783A00013737 /* HomeInput.swift in Sources */,
				7426AACC27727F1F00013737 /* NewsListBaseItem.swift in Sources */,
				749E41A82770ED3100349111 /* News.swift in Sources */,
				749E3F802770E24B00349111 /* RESTManager.swift in Sources */,
				7426AAB42772732100013737 /* Observable+Extension.swift in Sources */,
				7426AACE27727F2800013737 /* NewsListInput.swift in Sources */,
				7426AAD427727F4600013737 /* NewsListViewModel.swift in Sources */,
				7426AAD027727F3100013737 /* NewsListItem.swift in Sources */,
				749E3F582770DA9900349111 /* R.generated.swift in Sources */,
				7426AACA27727F0F00013737 /* NewsListOutput.swift in Sources */,
				749E3F612770DBD900349111 /* CoordinatorDelegate.swift in Sources */,
				7426AAD227727F3D00013737 /* NewsListCoordinator.swift in Sources */,
				749E3F7C2770DD8A00349111 /* HomeController.swift in Sources */,
				7426AAB22772726000013737 /* NewsRepository.swift in Sources */,
				749E3F782770DD7400349111 /* HomeCoordinator.swift in Sources */,
				7426AABA277277E500013737 /* HomeBaseItem.swift in Sources */,
				749E3F5C2770DB8500349111 /* Coordinator.swift in Sources */,
				749E3F682770DC6000349111 /* UITableView+Extension.swift in Sources */,
				7426AAB8277277B500013737 /* HomeOutput.swift in Sources */,
			);
			runOnlyForDeploymentPostprocessing = 0;
		};
/* End PBXSourcesBuildPhase section */

/* Begin PBXVariantGroup section */
		749E3F4D2770D52400349111 /* LaunchScreen.storyboard */ = {
			isa = PBXVariantGroup;
			children = (
				749E3F4E2770D52400349111 /* Base */,
			);
			name = LaunchScreen.storyboard;
			sourceTree = "<group>";
		};
		749E3F712770DD1800349111 /* Localizable.strings */ = {
			isa = PBXVariantGroup;
			children = (
				749E3F702770DD1800349111 /* en */,
			);
			name = Localizable.strings;
			sourceTree = "<group>";
		};
/* End PBXVariantGroup section */

/* Begin XCBuildConfiguration section */
		749E3F512770D52400349111 /* Debug */ = {
			isa = XCBuildConfiguration;
			buildSettings = {
				ALWAYS_SEARCH_USER_PATHS = NO;
				CLANG_ANALYZER_NONNULL = YES;
				CLANG_ANALYZER_NUMBER_OBJECT_CONVERSION = YES_AGGRESSIVE;
				CLANG_CXX_LANGUAGE_STANDARD = "gnu++17";
				CLANG_CXX_LIBRARY = "libc++";
				CLANG_ENABLE_MODULES = YES;
				CLANG_ENABLE_OBJC_ARC = YES;
				CLANG_ENABLE_OBJC_WEAK = YES;
				CLANG_WARN_BLOCK_CAPTURE_AUTORELEASING = YES;
				CLANG_WARN_BOOL_CONVERSION = YES;
				CLANG_WARN_COMMA = YES;
				CLANG_WARN_CONSTANT_CONVERSION = YES;
				CLANG_WARN_DEPRECATED_OBJC_IMPLEMENTATIONS = YES;
				CLANG_WARN_DIRECT_OBJC_ISA_USAGE = YES_ERROR;
				CLANG_WARN_DOCUMENTATION_COMMENTS = YES;
				CLANG_WARN_EMPTY_BODY = YES;
				CLANG_WARN_ENUM_CONVERSION = YES;
				CLANG_WARN_INFINITE_RECURSION = YES;
				CLANG_WARN_INT_CONVERSION = YES;
				CLANG_WARN_NON_LITERAL_NULL_CONVERSION = YES;
				CLANG_WARN_OBJC_IMPLICIT_RETAIN_SELF = YES;
				CLANG_WARN_OBJC_LITERAL_CONVERSION = YES;
				CLANG_WARN_OBJC_ROOT_CLASS = YES_ERROR;
				CLANG_WARN_QUOTED_INCLUDE_IN_FRAMEWORK_HEADER = YES;
				CLANG_WARN_RANGE_LOOP_ANALYSIS = YES;
				CLANG_WARN_STRICT_PROTOTYPES = YES;
				CLANG_WARN_SUSPICIOUS_MOVE = YES;
				CLANG_WARN_UNGUARDED_AVAILABILITY = YES_AGGRESSIVE;
				CLANG_WARN_UNREACHABLE_CODE = YES;
				CLANG_WARN__DUPLICATE_METHOD_MATCH = YES;
				COPY_PHASE_STRIP = NO;
				DEBUG_INFORMATION_FORMAT = dwarf;
				ENABLE_STRICT_OBJC_MSGSEND = YES;
				ENABLE_TESTABILITY = YES;
				GCC_C_LANGUAGE_STANDARD = gnu11;
				GCC_DYNAMIC_NO_PIC = NO;
				GCC_NO_COMMON_BLOCKS = YES;
				GCC_OPTIMIZATION_LEVEL = 0;
				GCC_PREPROCESSOR_DEFINITIONS = (
					"DEBUG=1",
					"$(inherited)",
				);
				GCC_WARN_64_TO_32_BIT_CONVERSION = YES;
				GCC_WARN_ABOUT_RETURN_TYPE = YES_ERROR;
				GCC_WARN_UNDECLARED_SELECTOR = YES;
				GCC_WARN_UNINITIALIZED_AUTOS = YES_AGGRESSIVE;
				GCC_WARN_UNUSED_FUNCTION = YES;
				GCC_WARN_UNUSED_VARIABLE = YES;
				IPHONEOS_DEPLOYMENT_TARGET = 13.0;
				MTL_ENABLE_DEBUG_INFO = INCLUDE_SOURCE;
				MTL_FAST_MATH = YES;
				ONLY_ACTIVE_ARCH = YES;
				SDKROOT = iphoneos;
				SWIFT_ACTIVE_COMPILATION_CONDITIONS = DEBUG;
				SWIFT_OPTIMIZATION_LEVEL = "-Onone";
			};
			name = Debug;
		};
		749E3F522770D52400349111 /* Release */ = {
			isa = XCBuildConfiguration;
			buildSettings = {
				ALWAYS_SEARCH_USER_PATHS = NO;
				CLANG_ANALYZER_NONNULL = YES;
				CLANG_ANALYZER_NUMBER_OBJECT_CONVERSION = YES_AGGRESSIVE;
				CLANG_CXX_LANGUAGE_STANDARD = "gnu++17";
				CLANG_CXX_LIBRARY = "libc++";
				CLANG_ENABLE_MODULES = YES;
				CLANG_ENABLE_OBJC_ARC = YES;
				CLANG_ENABLE_OBJC_WEAK = YES;
				CLANG_WARN_BLOCK_CAPTURE_AUTORELEASING = YES;
				CLANG_WARN_BOOL_CONVERSION = YES;
				CLANG_WARN_COMMA = YES;
				CLANG_WARN_CONSTANT_CONVERSION = YES;
				CLANG_WARN_DEPRECATED_OBJC_IMPLEMENTATIONS = YES;
				CLANG_WARN_DIRECT_OBJC_ISA_USAGE = YES_ERROR;
				CLANG_WARN_DOCUMENTATION_COMMENTS = YES;
				CLANG_WARN_EMPTY_BODY = YES;
				CLANG_WARN_ENUM_CONVERSION = YES;
				CLANG_WARN_INFINITE_RECURSION = YES;
				CLANG_WARN_INT_CONVERSION = YES;
				CLANG_WARN_NON_LITERAL_NULL_CONVERSION = YES;
				CLANG_WARN_OBJC_IMPLICIT_RETAIN_SELF = YES;
				CLANG_WARN_OBJC_LITERAL_CONVERSION = YES;
				CLANG_WARN_OBJC_ROOT_CLASS = YES_ERROR;
				CLANG_WARN_QUOTED_INCLUDE_IN_FRAMEWORK_HEADER = YES;
				CLANG_WARN_RANGE_LOOP_ANALYSIS = YES;
				CLANG_WARN_STRICT_PROTOTYPES = YES;
				CLANG_WARN_SUSPICIOUS_MOVE = YES;
				CLANG_WARN_UNGUARDED_AVAILABILITY = YES_AGGRESSIVE;
				CLANG_WARN_UNREACHABLE_CODE = YES;
				CLANG_WARN__DUPLICATE_METHOD_MATCH = YES;
				COPY_PHASE_STRIP = NO;
				DEBUG_INFORMATION_FORMAT = "dwarf-with-dsym";
				ENABLE_NS_ASSERTIONS = NO;
				ENABLE_STRICT_OBJC_MSGSEND = YES;
				GCC_C_LANGUAGE_STANDARD = gnu11;
				GCC_NO_COMMON_BLOCKS = YES;
				GCC_WARN_64_TO_32_BIT_CONVERSION = YES;
				GCC_WARN_ABOUT_RETURN_TYPE = YES_ERROR;
				GCC_WARN_UNDECLARED_SELECTOR = YES;
				GCC_WARN_UNINITIALIZED_AUTOS = YES_AGGRESSIVE;
				GCC_WARN_UNUSED_FUNCTION = YES;
				GCC_WARN_UNUSED_VARIABLE = YES;
				IPHONEOS_DEPLOYMENT_TARGET = 13.0;
				MTL_ENABLE_DEBUG_INFO = NO;
				MTL_FAST_MATH = YES;
				SDKROOT = iphoneos;
				SWIFT_COMPILATION_MODE = wholemodule;
				SWIFT_OPTIMIZATION_LEVEL = "-O";
				VALIDATE_PRODUCT = YES;
			};
			name = Release;
		};
		749E3F542770D52400349111 /* Debug */ = {
			isa = XCBuildConfiguration;
			baseConfigurationReference = 48BAD47FDBDDB15363049F5E /* Pods-RSS Reader.debug.xcconfig */;
			buildSettings = {
				ASSETCATALOG_COMPILER_APPICON_NAME = AppIcon;
				ASSETCATALOG_COMPILER_GLOBAL_ACCENT_COLOR_NAME = AccentColor;
				CODE_SIGN_STYLE = Automatic;
				CURRENT_PROJECT_VERSION = 1;
				GENERATE_INFOPLIST_FILE = YES;
				INFOPLIST_FILE = "RSS Reader/Info.plist";
				INFOPLIST_KEY_UIApplicationSupportsIndirectInputEvents = YES;
				INFOPLIST_KEY_UILaunchStoryboardName = LaunchScreen;
				INFOPLIST_KEY_UISupportedInterfaceOrientations = UIInterfaceOrientationPortrait;
				INFOPLIST_KEY_UISupportedInterfaceOrientations_iPad = "UIInterfaceOrientationPortrait UIInterfaceOrientationPortraitUpsideDown UIInterfaceOrientationLandscapeLeft UIInterfaceOrientationLandscapeRight";
				INFOPLIST_KEY_UISupportedInterfaceOrientations_iPhone = "UIInterfaceOrientationPortrait UIInterfaceOrientationLandscapeLeft UIInterfaceOrientationLandscapeRight";
				IPHONEOS_DEPLOYMENT_TARGET = 13.0;
				LD_RUNPATH_SEARCH_PATHS = (
					"$(inherited)",
					"@executable_path/Frameworks",
				);
				MARKETING_VERSION = 1.0;
				PRODUCT_BUNDLE_IDENTIFIER = "com.josipmarkovic.RSS-Reader";
				PRODUCT_NAME = "$(TARGET_NAME)";
				SWIFT_EMIT_LOC_STRINGS = YES;
				SWIFT_VERSION = 5.0;
				TARGETED_DEVICE_FAMILY = "1,2";
			};
			name = Debug;
		};
		749E3F552770D52400349111 /* Release */ = {
			isa = XCBuildConfiguration;
			baseConfigurationReference = D6D374E9C752A20925B76514 /* Pods-RSS Reader.release.xcconfig */;
			buildSettings = {
				ASSETCATALOG_COMPILER_APPICON_NAME = AppIcon;
				ASSETCATALOG_COMPILER_GLOBAL_ACCENT_COLOR_NAME = AccentColor;
				CODE_SIGN_STYLE = Automatic;
				CURRENT_PROJECT_VERSION = 1;
				GENERATE_INFOPLIST_FILE = YES;
				INFOPLIST_FILE = "RSS Reader/Info.plist";
				INFOPLIST_KEY_UIApplicationSupportsIndirectInputEvents = YES;
				INFOPLIST_KEY_UILaunchStoryboardName = LaunchScreen;
				INFOPLIST_KEY_UISupportedInterfaceOrientations = UIInterfaceOrientationPortrait;
				INFOPLIST_KEY_UISupportedInterfaceOrientations_iPad = "UIInterfaceOrientationPortrait UIInterfaceOrientationPortraitUpsideDown UIInterfaceOrientationLandscapeLeft UIInterfaceOrientationLandscapeRight";
				INFOPLIST_KEY_UISupportedInterfaceOrientations_iPhone = "UIInterfaceOrientationPortrait UIInterfaceOrientationLandscapeLeft UIInterfaceOrientationLandscapeRight";
				IPHONEOS_DEPLOYMENT_TARGET = 13.0;
				LD_RUNPATH_SEARCH_PATHS = (
					"$(inherited)",
					"@executable_path/Frameworks",
				);
				MARKETING_VERSION = 1.0;
				PRODUCT_BUNDLE_IDENTIFIER = "com.josipmarkovic.RSS-Reader";
				PRODUCT_NAME = "$(TARGET_NAME)";
				SWIFT_EMIT_LOC_STRINGS = YES;
				SWIFT_VERSION = 5.0;
				TARGETED_DEVICE_FAMILY = "1,2";
			};
			name = Release;
		};
/* End XCBuildConfiguration section */

/* Begin XCConfigurationList section */
		749E3F3A2770D52400349111 /* Build configuration list for PBXProject "RSS Reader" */ = {
			isa = XCConfigurationList;
			buildConfigurations = (
				749E3F512770D52400349111 /* Debug */,
				749E3F522770D52400349111 /* Release */,
			);
			defaultConfigurationIsVisible = 0;
			defaultConfigurationName = Release;
		};
		749E3F532770D52400349111 /* Build configuration list for PBXNativeTarget "RSS Reader" */ = {
			isa = XCConfigurationList;
			buildConfigurations = (
				749E3F542770D52400349111 /* Debug */,
				749E3F552770D52400349111 /* Release */,
			);
			defaultConfigurationIsVisible = 0;
			defaultConfigurationName = Release;
		};
/* End XCConfigurationList section */
	};
	rootObject = 749E3F372770D52400349111 /* Project object */;
}
